
Microsoft Visual Studio Solution File, Format Version 12.00
# Visual Studio Version 17
VisualStudioVersion = 17.14.36414.22 d17.14
MinimumVisualStudioVersion = 10.0.40219.1
Project("{FAE04EC0-301F-11D3-BF4B-00C04F79EFBC}") = "FAB CONFIRM", "FAB CONFIRM.csproj", "{89E56E63-00A3-4955-972C-42BBE03F2951}"
EndProject
Global
	GlobalSection(SolutionConfigurationPlatforms) = preSolution
		Debug|Any CPU = Debug|Any CPU
		Release|Any CPU = Release|Any CPU
	EndGlobalSection
	GlobalSection(ProjectConfigurationPlatforms) = postSolution
		{89E56E63-00A3-4955-972C-42BBE03F2951}.Debug|Any CPU.ActiveCfg = Debug|Any CPU
		{89E56E63-00A3-4955-972C-42BBE03F2951}.Debug|Any CPU.Build.0 = Debug|Any CPU
		{89E56E63-00A3-4955-972C-42BBE03F2951}.Release|Any CPU.ActiveCfg = Release|Any CPU
		{89E56E63-00A3-4955-972C-42BBE03F2951}.Release|Any CPU.Build.0 = Release|Any CPU
	EndGlobalSection
	GlobalSection(SolutionProperties) = preSolution
		HideSolutionNode = FALSE
	EndGlobalSection
	GlobalSection(ExtensibilityGlobals) = postSolution
		SolutionGuid = {5C18FC74-5D9B-4C00-AAD1-9F7E6BD4EDCC}
	EndGlobalSection
EndGlobal
